// !$*UTF8*$!
{
	archiveVersion = 1;
	classes = {
	};
	objectVersion = 46;
	objects = {

/* Begin PBXBuildFile section */
		86529B6417CD2DD500AA11C1 /* Cocoa.framework in Frameworks */ = {isa = PBXBuildFile; fileRef = 86529B6317CD2DD500AA11C1 /* Cocoa.framework */; };
		86529B6E17CD2DD500AA11C1 /* InfoPlist.strings in Resources */ = {isa = PBXBuildFile; fileRef = 86529B6C17CD2DD500AA11C1 /* InfoPlist.strings */; };
		86529B7017CD2DD500AA11C1 /* main.m in Sources */ = {isa = PBXBuildFile; fileRef = 86529B6F17CD2DD500AA11C1 /* main.m */; };
		86529B7417CD2DD500AA11C1 /* Credits.rtf in Resources */ = {isa = PBXBuildFile; fileRef = 86529B7217CD2DD500AA11C1 /* Credits.rtf */; };
		86529B7717CD2DD500AA11C1 /* AppDelegate.m in Sources */ = {isa = PBXBuildFile; fileRef = 86529B7617CD2DD500AA11C1 /* AppDelegate.m */; };
		86529B7A17CD2DD500AA11C1 /* MainMenu.xib in Resources */ = {isa = PBXBuildFile; fileRef = 86529B7817CD2DD500AA11C1 /* MainMenu.xib */; };
		86529B8217CD2DD500AA11C1 /* SenTestingKit.framework in Frameworks */ = {isa = PBXBuildFile; fileRef = 86529B8117CD2DD500AA11C1 /* SenTestingKit.framework */; };
		86529B8317CD2DD500AA11C1 /* Cocoa.framework in Frameworks */ = {isa = PBXBuildFile; fileRef = 86529B6317CD2DD500AA11C1 /* Cocoa.framework */; };
		86529B8B17CD2DD500AA11C1 /* InfoPlist.strings in Resources */ = {isa = PBXBuildFile; fileRef = 86529B8917CD2DD500AA11C1 /* InfoPlist.strings */; };
		86529B8E17CD2DD500AA11C1 /* SAS_CommanderTests.m in Sources */ = {isa = PBXBuildFile; fileRef = 86529B8D17CD2DD500AA11C1 /* SAS_CommanderTests.m */; };
		86529B9917CD2DE600AA11C1 /* AppController.m in Sources */ = {isa = PBXBuildFile; fileRef = 86529B9817CD2DE600AA11C1 /* AppController.m */; };
		86529B9C17CD370500AA11C1 /* Commander.m in Sources */ = {isa = PBXBuildFile; fileRef = 86529B9B17CD370500AA11C1 /* Commander.m */; };
		86529BA417CD37E500AA11C1 /* Command.cpp in Sources */ = {isa = PBXBuildFile; fileRef = 86529B9E17CD37E500AA11C1 /* Command.cpp */; };
		86529BA517CD37E500AA11C1 /* Packet.cpp in Sources */ = {isa = PBXBuildFile; fileRef = 86529BA017CD37E500AA11C1 /* Packet.cpp */; };
		86529BA617CD37E500AA11C1 /* UDPSender.cpp in Sources */ = {isa = PBXBuildFile; fileRef = 86529BA217CD37E500AA11C1 /* UDPSender.cpp */; };
		86529BA917CD394500AA11C1 /* Telemetry.cpp in Sources */ = {isa = PBXBuildFile; fileRef = 86529BA717CD394500AA11C1 /* Telemetry.cpp */; };
		86529BAA17CD395E00AA11C1 /* Telemetry.cpp in Sources */ = {isa = PBXBuildFile; fileRef = 86529BA717CD394500AA11C1 /* Telemetry.cpp */; };
		86529BAC17CD395E00AA11C1 /* Command.cpp in Sources */ = {isa = PBXBuildFile; fileRef = 86529B9E17CD37E500AA11C1 /* Command.cpp */; };
		86529BAE17CD395E00AA11C1 /* Packet.cpp in Sources */ = {isa = PBXBuildFile; fileRef = 86529BA017CD37E500AA11C1 /* Packet.cpp */; };
		86529BB017CD395E00AA11C1 /* UDPSender.cpp in Sources */ = {isa = PBXBuildFile; fileRef = 86529BA217CD37E500AA11C1 /* UDPSender.cpp */; };
		86529BBC17CD39B100AA11C1 /* lib_crc.c in Sources */ = {isa = PBXBuildFile; fileRef = 86529BB817CD39B100AA11C1 /* lib_crc.c */; };
		86529BBD17CD39B100AA11C1 /* lib_crc.txt in Resources */ = {isa = PBXBuildFile; fileRef = 86529BBA17CD39B100AA11C1 /* lib_crc.txt */; };
		86529BC217CD3A9500AA11C1 /* CommandList.plist in Resources */ = {isa = PBXBuildFile; fileRef = 86529BC117CD3A9500AA11C1 /* CommandList.plist */; };
/* End PBXBuildFile section */

/* Begin PBXContainerItemProxy section */
		86529B8417CD2DD500AA11C1 /* PBXContainerItemProxy */ = {
			isa = PBXContainerItemProxy;
			containerPortal = 86529B5817CD2DD500AA11C1 /* Project object */;
			proxyType = 1;
			remoteGlobalIDString = 86529B5F17CD2DD500AA11C1;
			remoteInfo = "SAS-Commander";
		};
/* End PBXContainerItemProxy section */

/* Begin PBXFileReference section */
		86529B6017CD2DD500AA11C1 /* SAS-Commander.app */ = {isa = PBXFileReference; explicitFileType = wrapper.application; includeInIndex = 0; path = "SAS-Commander.app"; sourceTree = BUILT_PRODUCTS_DIR; };
		86529B6317CD2DD500AA11C1 /* Cocoa.framework */ = {isa = PBXFileReference; lastKnownFileType = wrapper.framework; name = Cocoa.framework; path = System/Library/Frameworks/Cocoa.framework; sourceTree = SDKROOT; };
		86529B6617CD2DD500AA11C1 /* AppKit.framework */ = {isa = PBXFileReference; lastKnownFileType = wrapper.framework; name = AppKit.framework; path = System/Library/Frameworks/AppKit.framework; sourceTree = SDKROOT; };
		86529B6717CD2DD500AA11C1 /* CoreData.framework */ = {isa = PBXFileReference; lastKnownFileType = wrapper.framework; name = CoreData.framework; path = System/Library/Frameworks/CoreData.framework; sourceTree = SDKROOT; };
		86529B6817CD2DD500AA11C1 /* Foundation.framework */ = {isa = PBXFileReference; lastKnownFileType = wrapper.framework; name = Foundation.framework; path = System/Library/Frameworks/Foundation.framework; sourceTree = SDKROOT; };
		86529B6B17CD2DD500AA11C1 /* SAS-Commander-Info.plist */ = {isa = PBXFileReference; lastKnownFileType = text.plist.xml; path = "SAS-Commander-Info.plist"; sourceTree = "<group>"; };
		86529B6D17CD2DD500AA11C1 /* en */ = {isa = PBXFileReference; lastKnownFileType = text.plist.strings; name = en; path = en.lproj/InfoPlist.strings; sourceTree = "<group>"; };
		86529B6F17CD2DD500AA11C1 /* main.m */ = {isa = PBXFileReference; lastKnownFileType = sourcecode.c.objc; path = main.m; sourceTree = "<group>"; };
		86529B7117CD2DD500AA11C1 /* SAS-Commander-Prefix.pch */ = {isa = PBXFileReference; lastKnownFileType = sourcecode.c.h; path = "SAS-Commander-Prefix.pch"; sourceTree = "<group>"; };
		86529B7317CD2DD500AA11C1 /* en */ = {isa = PBXFileReference; lastKnownFileType = text.rtf; name = en; path = en.lproj/Credits.rtf; sourceTree = "<group>"; };
		86529B7517CD2DD500AA11C1 /* AppDelegate.h */ = {isa = PBXFileReference; lastKnownFileType = sourcecode.c.h; path = AppDelegate.h; sourceTree = "<group>"; };
		86529B7617CD2DD500AA11C1 /* AppDelegate.m */ = {isa = PBXFileReference; lastKnownFileType = sourcecode.c.objc; path = AppDelegate.m; sourceTree = "<group>"; };
		86529B7917CD2DD500AA11C1 /* en */ = {isa = PBXFileReference; lastKnownFileType = file.xib; name = en; path = en.lproj/MainMenu.xib; sourceTree = "<group>"; };
		86529B8017CD2DD500AA11C1 /* SAS-CommanderTests.octest */ = {isa = PBXFileReference; explicitFileType = wrapper.cfbundle; includeInIndex = 0; path = "SAS-CommanderTests.octest"; sourceTree = BUILT_PRODUCTS_DIR; };
		86529B8117CD2DD500AA11C1 /* SenTestingKit.framework */ = {isa = PBXFileReference; lastKnownFileType = wrapper.framework; name = SenTestingKit.framework; path = Library/Frameworks/SenTestingKit.framework; sourceTree = DEVELOPER_DIR; };
		86529B8817CD2DD500AA11C1 /* SAS-CommanderTests-Info.plist */ = {isa = PBXFileReference; lastKnownFileType = text.plist.xml; path = "SAS-CommanderTests-Info.plist"; sourceTree = "<group>"; };
		86529B8A17CD2DD500AA11C1 /* en */ = {isa = PBXFileReference; lastKnownFileType = text.plist.strings; name = en; path = en.lproj/InfoPlist.strings; sourceTree = "<group>"; };
		86529B8C17CD2DD500AA11C1 /* SAS_CommanderTests.h */ = {isa = PBXFileReference; lastKnownFileType = sourcecode.c.h; path = SAS_CommanderTests.h; sourceTree = "<group>"; };
		86529B8D17CD2DD500AA11C1 /* SAS_CommanderTests.m */ = {isa = PBXFileReference; lastKnownFileType = sourcecode.c.objc; path = SAS_CommanderTests.m; sourceTree = "<group>"; };
		86529B9717CD2DE600AA11C1 /* AppController.h */ = {isa = PBXFileReference; fileEncoding = 4; lastKnownFileType = sourcecode.c.h; path = AppController.h; sourceTree = "<group>"; };
		86529B9817CD2DE600AA11C1 /* AppController.m */ = {isa = PBXFileReference; fileEncoding = 4; lastKnownFileType = sourcecode.c.objc; path = AppController.m; sourceTree = "<group>"; };
		86529B9A17CD370500AA11C1 /* Commander.h */ = {isa = PBXFileReference; fileEncoding = 4; lastKnownFileType = sourcecode.c.h; path = Commander.h; sourceTree = "<group>"; };
		86529B9B17CD370500AA11C1 /* Commander.m */ = {isa = PBXFileReference; fileEncoding = 4; lastKnownFileType = sourcecode.c.objc; path = Commander.m; sourceTree = "<group>"; };
		86529B9E17CD37E500AA11C1 /* Command.cpp */ = {isa = PBXFileReference; fileEncoding = 4; lastKnownFileType = sourcecode.cpp.cpp; path = Command.cpp; sourceTree = "<group>"; };
		86529B9F17CD37E500AA11C1 /* Command.hpp */ = {isa = PBXFileReference; fileEncoding = 4; lastKnownFileType = sourcecode.cpp.h; path = Command.hpp; sourceTree = "<group>"; };
		86529BA017CD37E500AA11C1 /* Packet.cpp */ = {isa = PBXFileReference; fileEncoding = 4; lastKnownFileType = sourcecode.cpp.cpp; path = Packet.cpp; sourceTree = "<group>"; };
		86529BA117CD37E500AA11C1 /* Packet.hpp */ = {isa = PBXFileReference; fileEncoding = 4; lastKnownFileType = sourcecode.cpp.h; path = Packet.hpp; sourceTree = "<group>"; };
		86529BA217CD37E500AA11C1 /* UDPSender.cpp */ = {isa = PBXFileReference; fileEncoding = 4; lastKnownFileType = sourcecode.cpp.cpp; path = UDPSender.cpp; sourceTree = "<group>"; };
		86529BA317CD37E500AA11C1 /* UDPSender.hpp */ = {isa = PBXFileReference; fileEncoding = 4; lastKnownFileType = sourcecode.cpp.h; path = UDPSender.hpp; sourceTree = "<group>"; };
		86529BA717CD394500AA11C1 /* Telemetry.cpp */ = {isa = PBXFileReference; fileEncoding = 4; lastKnownFileType = sourcecode.cpp.cpp; path = Telemetry.cpp; sourceTree = "<group>"; };
		86529BA817CD394500AA11C1 /* Telemetry.hpp */ = {isa = PBXFileReference; fileEncoding = 4; lastKnownFileType = sourcecode.cpp.h; path = Telemetry.hpp; sourceTree = "<group>"; };
		86529BB817CD39B100AA11C1 /* lib_crc.c */ = {isa = PBXFileReference; fileEncoding = 4; lastKnownFileType = sourcecode.c.c; path = lib_crc.c; sourceTree = "<group>"; };
		86529BB917CD39B100AA11C1 /* lib_crc.h */ = {isa = PBXFileReference; fileEncoding = 4; lastKnownFileType = sourcecode.c.h; path = lib_crc.h; sourceTree = "<group>"; };
		86529BBA17CD39B100AA11C1 /* lib_crc.txt */ = {isa = PBXFileReference; fileEncoding = 4; lastKnownFileType = text; path = lib_crc.txt; sourceTree = "<group>"; };
		86529BC117CD3A9500AA11C1 /* CommandList.plist */ = {isa = PBXFileReference; fileEncoding = 4; lastKnownFileType = text.plist.xml; path = CommandList.plist; sourceTree = "<group>"; };
/* End PBXFileReference section */

/* Begin PBXFrameworksBuildPhase section */
		86529B5D17CD2DD500AA11C1 /* Frameworks */ = {
			isa = PBXFrameworksBuildPhase;
			buildActionMask = 2147483647;
			files = (
				86529B6417CD2DD500AA11C1 /* Cocoa.framework in Frameworks */,
			);
			runOnlyForDeploymentPostprocessing = 0;
		};
		86529B7C17CD2DD500AA11C1 /* Frameworks */ = {
			isa = PBXFrameworksBuildPhase;
			buildActionMask = 2147483647;
			files = (
				86529B8217CD2DD500AA11C1 /* SenTestingKit.framework in Frameworks */,
				86529B8317CD2DD500AA11C1 /* Cocoa.framework in Frameworks */,
			);
			runOnlyForDeploymentPostprocessing = 0;
		};
/* End PBXFrameworksBuildPhase section */

/* Begin PBXGroup section */
		86529B5717CD2DD500AA11C1 = {
			isa = PBXGroup;
			children = (
				86529B6917CD2DD500AA11C1 /* SAS-Commander */,
				86529B8617CD2DD500AA11C1 /* SAS-CommanderTests */,
				86529B6217CD2DD500AA11C1 /* Frameworks */,
				86529B6117CD2DD500AA11C1 /* Products */,
			);
			sourceTree = "<group>";
		};
		86529B6117CD2DD500AA11C1 /* Products */ = {
			isa = PBXGroup;
			children = (
				86529B6017CD2DD500AA11C1 /* SAS-Commander.app */,
				86529B8017CD2DD500AA11C1 /* SAS-CommanderTests.octest */,
			);
			name = Products;
			sourceTree = "<group>";
		};
		86529B6217CD2DD500AA11C1 /* Frameworks */ = {
			isa = PBXGroup;
			children = (
				86529B6317CD2DD500AA11C1 /* Cocoa.framework */,
				86529B8117CD2DD500AA11C1 /* SenTestingKit.framework */,
				86529B6517CD2DD500AA11C1 /* Other Frameworks */,
			);
			name = Frameworks;
			sourceTree = "<group>";
		};
		86529B6517CD2DD500AA11C1 /* Other Frameworks */ = {
			isa = PBXGroup;
			children = (
				86529B6617CD2DD500AA11C1 /* AppKit.framework */,
				86529B6717CD2DD500AA11C1 /* CoreData.framework */,
				86529B6817CD2DD500AA11C1 /* Foundation.framework */,
			);
			name = "Other Frameworks";
			sourceTree = "<group>";
		};
		86529B6917CD2DD500AA11C1 /* SAS-Commander */ = {
			isa = PBXGroup;
			children = (
				86529B7517CD2DD500AA11C1 /* AppDelegate.h */,
				86529B9717CD2DE600AA11C1 /* AppController.h */,
				86529B9817CD2DE600AA11C1 /* AppController.m */,
				86529B9A17CD370500AA11C1 /* Commander.h */,
				86529B9B17CD370500AA11C1 /* Commander.m */,
				86529B7617CD2DD500AA11C1 /* AppDelegate.m */,
				86529B7817CD2DD500AA11C1 /* MainMenu.xib */,
				86529B9D17CD37AF00AA11C1 /* Externals */,
				86529B6A17CD2DD500AA11C1 /* Supporting Files */,
			);
			path = "SAS-Commander";
			sourceTree = "<group>";
		};
		86529B6A17CD2DD500AA11C1 /* Supporting Files */ = {
			isa = PBXGroup;
			children = (
				86529B6B17CD2DD500AA11C1 /* SAS-Commander-Info.plist */,
				86529BC117CD3A9500AA11C1 /* CommandList.plist */,
				86529B6C17CD2DD500AA11C1 /* InfoPlist.strings */,
				86529B6F17CD2DD500AA11C1 /* main.m */,
				86529B7117CD2DD500AA11C1 /* SAS-Commander-Prefix.pch */,
				86529B7217CD2DD500AA11C1 /* Credits.rtf */,
			);
			name = "Supporting Files";
			sourceTree = "<group>";
		};
		86529B8617CD2DD500AA11C1 /* SAS-CommanderTests */ = {
			isa = PBXGroup;
			children = (
				86529B8C17CD2DD500AA11C1 /* SAS_CommanderTests.h */,
				86529B8D17CD2DD500AA11C1 /* SAS_CommanderTests.m */,
				86529B8717CD2DD500AA11C1 /* Supporting Files */,
			);
			path = "SAS-CommanderTests";
			sourceTree = "<group>";
		};
		86529B8717CD2DD500AA11C1 /* Supporting Files */ = {
			isa = PBXGroup;
			children = (
				86529B8817CD2DD500AA11C1 /* SAS-CommanderTests-Info.plist */,
				86529B8917CD2DD500AA11C1 /* InfoPlist.strings */,
			);
			name = "Supporting Files";
			sourceTree = "<group>";
		};
		86529B9D17CD37AF00AA11C1 /* Externals */ = {
			isa = PBXGroup;
			children = (
				86529BB717CD39B100AA11C1 /* lib_crc */,
				86529BA717CD394500AA11C1 /* Telemetry.cpp */,
				86529BA817CD394500AA11C1 /* Telemetry.hpp */,
				86529B9E17CD37E500AA11C1 /* Command.cpp */,
				86529B9F17CD37E500AA11C1 /* Command.hpp */,
				86529BA017CD37E500AA11C1 /* Packet.cpp */,
				86529BA117CD37E500AA11C1 /* Packet.hpp */,
				86529BA217CD37E500AA11C1 /* UDPSender.cpp */,
				86529BA317CD37E500AA11C1 /* UDPSender.hpp */,
			);
			name = Externals;
			sourceTree = "<group>";
		};
		86529BB717CD39B100AA11C1 /* lib_crc */ = {
			isa = PBXGroup;
			children = (
				86529BB817CD39B100AA11C1 /* lib_crc.c */,
				86529BB917CD39B100AA11C1 /* lib_crc.h */,
				86529BBA17CD39B100AA11C1 /* lib_crc.txt */,
			);
			path = lib_crc;
			sourceTree = "<group>";
		};
/* End PBXGroup section */

/* Begin PBXNativeTarget section */
		86529B5F17CD2DD500AA11C1 /* SAS-Commander */ = {
			isa = PBXNativeTarget;
			buildConfigurationList = 86529B9117CD2DD500AA11C1 /* Build configuration list for PBXNativeTarget "SAS-Commander" */;
			buildPhases = (
				86529B5C17CD2DD500AA11C1 /* Sources */,
				86529B5D17CD2DD500AA11C1 /* Frameworks */,
				86529B5E17CD2DD500AA11C1 /* Resources */,
			);
			buildRules = (
			);
			dependencies = (
			);
			name = "SAS-Commander";
			productName = "SAS-Commander";
			productReference = 86529B6017CD2DD500AA11C1 /* SAS-Commander.app */;
			productType = "com.apple.product-type.application";
		};
		86529B7F17CD2DD500AA11C1 /* SAS-CommanderTests */ = {
			isa = PBXNativeTarget;
			buildConfigurationList = 86529B9417CD2DD500AA11C1 /* Build configuration list for PBXNativeTarget "SAS-CommanderTests" */;
			buildPhases = (
				86529B7B17CD2DD500AA11C1 /* Sources */,
				86529B7C17CD2DD500AA11C1 /* Frameworks */,
				86529B7D17CD2DD500AA11C1 /* Resources */,
				86529B7E17CD2DD500AA11C1 /* ShellScript */,
			);
			buildRules = (
			);
			dependencies = (
				86529B8517CD2DD500AA11C1 /* PBXTargetDependency */,
			);
			name = "SAS-CommanderTests";
			productName = "SAS-CommanderTests";
			productReference = 86529B8017CD2DD500AA11C1 /* SAS-CommanderTests.octest */;
			productType = "com.apple.product-type.bundle";
		};
/* End PBXNativeTarget section */

/* Begin PBXProject section */
		86529B5817CD2DD500AA11C1 /* Project object */ = {
			isa = PBXProject;
			attributes = {
				LastUpgradeCheck = 0460;
				ORGANIZATIONNAME = "Steven Christe";
			};
			buildConfigurationList = 86529B5B17CD2DD500AA11C1 /* Build configuration list for PBXProject "SAS-Commander" */;
			compatibilityVersion = "Xcode 3.2";
			developmentRegion = English;
			hasScannedForEncodings = 0;
			knownRegions = (
				en,
			);
			mainGroup = 86529B5717CD2DD500AA11C1;
			productRefGroup = 86529B6117CD2DD500AA11C1 /* Products */;
			projectDirPath = "";
			projectRoot = "";
			targets = (
				86529B5F17CD2DD500AA11C1 /* SAS-Commander */,
				86529B7F17CD2DD500AA11C1 /* SAS-CommanderTests */,
			);
		};
/* End PBXProject section */

/* Begin PBXResourcesBuildPhase section */
		86529B5E17CD2DD500AA11C1 /* Resources */ = {
			isa = PBXResourcesBuildPhase;
			buildActionMask = 2147483647;
			files = (
				86529B6E17CD2DD500AA11C1 /* InfoPlist.strings in Resources */,
				86529B7417CD2DD500AA11C1 /* Credits.rtf in Resources */,
				86529B7A17CD2DD500AA11C1 /* MainMenu.xib in Resources */,
				86529BBD17CD39B100AA11C1 /* lib_crc.txt in Resources */,
				86529BC217CD3A9500AA11C1 /* CommandList.plist in Resources */,
			);
			runOnlyForDeploymentPostprocessing = 0;
		};
		86529B7D17CD2DD500AA11C1 /* Resources */ = {
			isa = PBXResourcesBuildPhase;
			buildActionMask = 2147483647;
			files = (
				86529B8B17CD2DD500AA11C1 /* InfoPlist.strings in Resources */,
			);
			runOnlyForDeploymentPostprocessing = 0;
		};
/* End PBXResourcesBuildPhase section */

/* Begin PBXShellScriptBuildPhase section */
		86529B7E17CD2DD500AA11C1 /* ShellScript */ = {
			isa = PBXShellScriptBuildPhase;
			buildActionMask = 2147483647;
			files = (
			);
			inputPaths = (
			);
			outputPaths = (
			);
			runOnlyForDeploymentPostprocessing = 0;
			shellPath = /bin/sh;
			shellScript = "# Run the unit tests in this test bundle.\n\"${SYSTEM_DEVELOPER_DIR}/Tools/RunUnitTests\"\n";
		};
/* End PBXShellScriptBuildPhase section */

/* Begin PBXSourcesBuildPhase section */
		86529B5C17CD2DD500AA11C1 /* Sources */ = {
			isa = PBXSourcesBuildPhase;
			buildActionMask = 2147483647;
			files = (
				86529BAA17CD395E00AA11C1 /* Telemetry.cpp in Sources */,
				86529BAC17CD395E00AA11C1 /* Command.cpp in Sources */,
				86529BAE17CD395E00AA11C1 /* Packet.cpp in Sources */,
				86529BB017CD395E00AA11C1 /* UDPSender.cpp in Sources */,
				86529B7017CD2DD500AA11C1 /* main.m in Sources */,
				86529B7717CD2DD500AA11C1 /* AppDelegate.m in Sources */,
				86529B9917CD2DE600AA11C1 /* AppController.m in Sources */,
				86529B9C17CD370500AA11C1 /* Commander.m in Sources */,
				86529BBC17CD39B100AA11C1 /* lib_crc.c in Sources */,
			);
			runOnlyForDeploymentPostprocessing = 0;
		};
		86529B7B17CD2DD500AA11C1 /* Sources */ = {
			isa = PBXSourcesBuildPhase;
			buildActionMask = 2147483647;
			files = (
				86529B8E17CD2DD500AA11C1 /* SAS_CommanderTests.m in Sources */,
				86529BA417CD37E500AA11C1 /* Command.cpp in Sources */,
				86529BA517CD37E500AA11C1 /* Packet.cpp in Sources */,
				86529BA617CD37E500AA11C1 /* UDPSender.cpp in Sources */,
				86529BA917CD394500AA11C1 /* Telemetry.cpp in Sources */,
			);
			runOnlyForDeploymentPostprocessing = 0;
		};
/* End PBXSourcesBuildPhase section */

/* Begin PBXTargetDependency section */
		86529B8517CD2DD500AA11C1 /* PBXTargetDependency */ = {
			isa = PBXTargetDependency;
			target = 86529B5F17CD2DD500AA11C1 /* SAS-Commander */;
			targetProxy = 86529B8417CD2DD500AA11C1 /* PBXContainerItemProxy */;
		};
/* End PBXTargetDependency section */

/* Begin PBXVariantGroup section */
		86529B6C17CD2DD500AA11C1 /* InfoPlist.strings */ = {
			isa = PBXVariantGroup;
			children = (
				86529B6D17CD2DD500AA11C1 /* en */,
			);
			name = InfoPlist.strings;
			sourceTree = "<group>";
		};
		86529B7217CD2DD500AA11C1 /* Credits.rtf */ = {
			isa = PBXVariantGroup;
			children = (
				86529B7317CD2DD500AA11C1 /* en */,
			);
			name = Credits.rtf;
			sourceTree = "<group>";
		};
		86529B7817CD2DD500AA11C1 /* MainMenu.xib */ = {
			isa = PBXVariantGroup;
			children = (
				86529B7917CD2DD500AA11C1 /* en */,
			);
			name = MainMenu.xib;
			sourceTree = "<group>";
		};
		86529B8917CD2DD500AA11C1 /* InfoPlist.strings */ = {
			isa = PBXVariantGroup;
			children = (
				86529B8A17CD2DD500AA11C1 /* en */,
			);
			name = InfoPlist.strings;
			sourceTree = "<group>";
		};
/* End PBXVariantGroup section */

/* Begin XCBuildConfiguration section */
		86529B8F17CD2DD500AA11C1 /* Debug */ = {
			isa = XCBuildConfiguration;
			buildSettings = {
				ALWAYS_SEARCH_USER_PATHS = NO;
				ARCHS = "$(ARCHS_STANDARD_64_BIT)";
				CLANG_CXX_LANGUAGE_STANDARD = "gnu++0x";
				CLANG_CXX_LIBRARY = "libc++";
				CLANG_ENABLE_OBJC_ARC = YES;
				CLANG_WARN_CONSTANT_CONVERSION = YES;
				CLANG_WARN_EMPTY_BODY = YES;
				CLANG_WARN_ENUM_CONVERSION = YES;
				CLANG_WARN_INT_CONVERSION = YES;
				CLANG_WARN__DUPLICATE_METHOD_MATCH = YES;
				COPY_PHASE_STRIP = NO;
				GCC_C_LANGUAGE_STANDARD = gnu99;
				GCC_DYNAMIC_NO_PIC = NO;
				GCC_ENABLE_OBJC_EXCEPTIONS = YES;
				GCC_OPTIMIZATION_LEVEL = 0;
				GCC_PREPROCESSOR_DEFINITIONS = (
					"DEBUG=1",
					"$(inherited)",
				);
				GCC_SYMBOLS_PRIVATE_EXTERN = NO;
				GCC_WARN_64_TO_32_BIT_CONVERSION = YES;
				GCC_WARN_ABOUT_RETURN_TYPE = YES;
				GCC_WARN_UNINITIALIZED_AUTOS = YES;
				GCC_WARN_UNUSED_VARIABLE = YES;
				MACOSX_DEPLOYMENT_TARGET = 10.8;
				ONLY_ACTIVE_ARCH = YES;
				SDKROOT = macosx;
			};
			name = Debug;
		};
		86529B9017CD2DD500AA11C1 /* Release */ = {
			isa = XCBuildConfiguration;
			buildSettings = {
				ALWAYS_SEARCH_USER_PATHS = NO;
				ARCHS = "$(ARCHS_STANDARD_64_BIT)";
				CLANG_CXX_LANGUAGE_STANDARD = "gnu++0x";
				CLANG_CXX_LIBRARY = "libc++";
				CLANG_ENABLE_OBJC_ARC = YES;
				CLANG_WARN_CONSTANT_CONVERSION = YES;
				CLANG_WARN_EMPTY_BODY = YES;
				CLANG_WARN_ENUM_CONVERSION = YES;
				CLANG_WARN_INT_CONVERSION = YES;
				CLANG_WARN__DUPLICATE_METHOD_MATCH = YES;
				COPY_PHASE_STRIP = YES;
				DEBUG_INFORMATION_FORMAT = "dwarf-with-dsym";
				GCC_C_LANGUAGE_STANDARD = gnu99;
				GCC_ENABLE_OBJC_EXCEPTIONS = YES;
				GCC_WARN_64_TO_32_BIT_CONVERSION = YES;
				GCC_WARN_ABOUT_RETURN_TYPE = YES;
				GCC_WARN_UNINITIALIZED_AUTOS = YES;
				GCC_WARN_UNUSED_VARIABLE = YES;
				MACOSX_DEPLOYMENT_TARGET = 10.8;
				SDKROOT = macosx;
			};
			name = Release;
		};
		86529B9217CD2DD500AA11C1 /* Debug */ = {
			isa = XCBuildConfiguration;
			buildSettings = {
				COMBINE_HIDPI_IMAGES = YES;
				GCC_INPUT_FILETYPE = sourcecode.cpp.objcpp;
				GCC_PRECOMPILE_PREFIX_HEADER = YES;
				GCC_PREFIX_HEADER = "SAS-Commander/SAS-Commander-Prefix.pch";
				INFOPLIST_FILE = "SAS-Commander/SAS-Commander-Info.plist";
				PRODUCT_NAME = "$(TARGET_NAME)";
				WRAPPER_EXTENSION = app;
			};
			name = Debug;
		};
		86529B9317CD2DD500AA11C1 /* Release */ = {
			isa = XCBuildConfiguration;
			buildSettings = {
				COMBINE_HIDPI_IMAGES = YES;
				GCC_INPUT_FILETYPE = sourcecode.cpp.objcpp;
				GCC_PRECOMPILE_PREFIX_HEADER = YES;
				GCC_PREFIX_HEADER = "SAS-Commander/SAS-Commander-Prefix.pch";
				INFOPLIST_FILE = "SAS-Commander/SAS-Commander-Info.plist";
				PRODUCT_NAME = "$(TARGET_NAME)";
				WRAPPER_EXTENSION = app;
			};
			name = Release;
		};
		86529B9517CD2DD500AA11C1 /* Debug */ = {
			isa = XCBuildConfiguration;
			buildSettings = {
				BUNDLE_LOADER = "$(BUILT_PRODUCTS_DIR)/SAS-Commander.app/Contents/MacOS/SAS-Commander";
				COMBINE_HIDPI_IMAGES = YES;
				FRAMEWORK_SEARCH_PATHS = "\"$(DEVELOPER_LIBRARY_DIR)/Frameworks\"";
				GCC_PRECOMPILE_PREFIX_HEADER = YES;
				GCC_PREFIX_HEADER = "SAS-Commander/SAS-Commander-Prefix.pch";
				INFOPLIST_FILE = "SAS-CommanderTests/SAS-CommanderTests-Info.plist";
				PRODUCT_NAME = "$(TARGET_NAME)";
				TEST_HOST = "$(BUNDLE_LOADER)";
				WRAPPER_EXTENSION = octest;
			};
			name = Debug;
		};
		86529B9617CD2DD500AA11C1 /* Release */ = {
			isa = XCBuildConfiguration;
			buildSettings = {
				BUNDLE_LOADER = "$(BUILT_PRODUCTS_DIR)/SAS-Commander.app/Contents/MacOS/SAS-Commander";
				COMBINE_HIDPI_IMAGES = YES;
				FRAMEWORK_SEARCH_PATHS = "\"$(DEVELOPER_LIBRARY_DIR)/Frameworks\"";
				GCC_PRECOMPILE_PREFIX_HEADER = YES;
				GCC_PREFIX_HEADER = "SAS-Commander/SAS-Commander-Prefix.pch";
				INFOPLIST_FILE = "SAS-CommanderTests/SAS-CommanderTests-Info.plist";
				PRODUCT_NAME = "$(TARGET_NAME)";
				TEST_HOST = "$(BUNDLE_LOADER)";
				WRAPPER_EXTENSION = octest;
			};
			name = Release;
		};
/* End XCBuildConfiguration section */

/* Begin XCConfigurationList section */
		86529B5B17CD2DD500AA11C1 /* Build configuration list for PBXProject "SAS-Commander" */ = {
			isa = XCConfigurationList;
			buildConfigurations = (
				86529B8F17CD2DD500AA11C1 /* Debug */,
				86529B9017CD2DD500AA11C1 /* Release */,
			);
			defaultConfigurationIsVisible = 0;
			defaultConfigurationName = Release;
		};
		86529B9117CD2DD500AA11C1 /* Build configuration list for PBXNativeTarget "SAS-Commander" */ = {
			isa = XCConfigurationList;
			buildConfigurations = (
				86529B9217CD2DD500AA11C1 /* Debug */,
				86529B9317CD2DD500AA11C1 /* Release */,
			);
			defaultConfigurationIsVisible = 0;
		};
		86529B9417CD2DD500AA11C1 /* Build configuration list for PBXNativeTarget "SAS-CommanderTests" */ = {
			isa = XCConfigurationList;
			buildConfigurations = (
				86529B9517CD2DD500AA11C1 /* Debug */,
				86529B9617CD2DD500AA11C1 /* Release */,
			);
			defaultConfigurationIsVisible = 0;
		};
/* End XCConfigurationList section */
	};
	rootObject = 86529B5817CD2DD500AA11C1 /* Project object */;
}
